
Microsoft Visual Studio Solution File, Format Version 12.00
# Visual Studio Version 16
VisualStudioVersion = 16.0.30104.148
MinimumVisualStudioVersion = 10.0.40219.1
Project("{FAE04EC0-301F-11D3-BF4B-00C04F79EFBC}") = "BlazorApp5", "BlazorApp5\BlazorApp5.csproj", "{AC9357F5-E3E3-4617-9BAE-E9C09A2B526C}"
EndProject
Global
	GlobalSection(SolutionConfigurationPlatforms) = preSolution
		Debug|Any CPU = Debug|Any CPU
		Release|Any CPU = Release|Any CPU
	EndGlobalSection
	GlobalSection(ProjectConfigurationPlatforms) = postSolution
		{AC9357F5-E3E3-4617-9BAE-E9C09A2B526C}.Debug|Any CPU.ActiveCfg = Debug|Any CPU
		{AC9357F5-E3E3-4617-9BAE-E9C09A2B526C}.Debug|Any CPU.Build.0 = Debug|Any CPU
		{AC9357F5-E3E3-4617-9BAE-E9C09A2B526C}.Release|Any CPU.ActiveCfg = Release|Any CPU
		{AC9357F5-E3E3-4617-9BAE-E9C09A2B526C}.Release|Any CPU.Build.0 = Release|Any CPU
	EndGlobalSection
	GlobalSection(SolutionProperties) = preSolution
		HideSolutionNode = FALSE
	EndGlobalSection
	GlobalSection(ExtensibilityGlobals) = postSolution
		SolutionGuid = {BB5EE0D7-A27A-4400-A793-49FB061D4D6E}
	EndGlobalSection
EndGlobal
